// !$*UTF8*$!
{
	archiveVersion = 1;
	classes = {
	};
	objectVersion = 50;
	objects = {

/* Begin PBXBuildFile section */
		76BFFAC124E2C50F008077F4 /* ButtonStyles.swift in Sources */ = {isa = PBXBuildFile; fileRef = 76BFFAC024E2C50F008077F4 /* ButtonStyles.swift */; };
		76DA630424A8A48A00262274 /* AppDelegate.swift in Sources */ = {isa = PBXBuildFile; fileRef = 76DA630324A8A48A00262274 /* AppDelegate.swift */; };
		76DA630624A8A48A00262274 /* ContentView.swift in Sources */ = {isa = PBXBuildFile; fileRef = 76DA630524A8A48A00262274 /* ContentView.swift */; };
		76DA630824A8A48B00262274 /* Assets.xcassets in Resources */ = {isa = PBXBuildFile; fileRef = 76DA630724A8A48B00262274 /* Assets.xcassets */; };
		76DA630B24A8A48B00262274 /* Preview Assets.xcassets in Resources */ = {isa = PBXBuildFile; fileRef = 76DA630A24A8A48B00262274 /* Preview Assets.xcassets */; };
		76DA630E24A8A48B00262274 /* Main.storyboard in Resources */ = {isa = PBXBuildFile; fileRef = 76DA630C24A8A48B00262274 /* Main.storyboard */; };
		76DA631724A8A85B00262274 /* BreakMainView.swift in Sources */ = {isa = PBXBuildFile; fileRef = 76DA631624A8A85B00262274 /* BreakMainView.swift */; };
		76DA631A24A8E38400262274 /* TakeABreakDataStore.swift in Sources */ = {isa = PBXBuildFile; fileRef = 76DA631924A8E38400262274 /* TakeABreakDataStore.swift */; };
		76DC614A24C8838300B84476 /* SoundPlayer.swift in Sources */ = {isa = PBXBuildFile; fileRef = 76DC614924C8838300B84476 /* SoundPlayer.swift */; };
		76DC614D24C8841100B84476 /* Horn.mp3 in Resources */ = {isa = PBXBuildFile; fileRef = 76DC614C24C8841100B84476 /* Horn.mp3 */; };
/* End PBXBuildFile section */

/* Begin PBXFileReference section */
		76BFFAC024E2C50F008077F4 /* ButtonStyles.swift */ = {isa = PBXFileReference; lastKnownFileType = sourcecode.swift; path = ButtonStyles.swift; sourceTree = "<group>"; };
		76DA630024A8A48A00262274 /* Take-A-Break.app */ = {isa = PBXFileReference; explicitFileType = wrapper.application; includeInIndex = 0; path = "Take-A-Break.app"; sourceTree = BUILT_PRODUCTS_DIR; };
		76DA630324A8A48A00262274 /* AppDelegate.swift */ = {isa = PBXFileReference; lastKnownFileType = sourcecode.swift; path = AppDelegate.swift; sourceTree = "<group>"; };
		76DA630524A8A48A00262274 /* ContentView.swift */ = {isa = PBXFileReference; lastKnownFileType = sourcecode.swift; path = ContentView.swift; sourceTree = "<group>"; };
		76DA630724A8A48B00262274 /* Assets.xcassets */ = {isa = PBXFileReference; lastKnownFileType = folder.assetcatalog; path = Assets.xcassets; sourceTree = "<group>"; };
		76DA630A24A8A48B00262274 /* Preview Assets.xcassets */ = {isa = PBXFileReference; lastKnownFileType = folder.assetcatalog; path = "Preview Assets.xcassets"; sourceTree = "<group>"; };
		76DA630D24A8A48B00262274 /* Base */ = {isa = PBXFileReference; lastKnownFileType = file.storyboard; name = Base; path = Base.lproj/Main.storyboard; sourceTree = "<group>"; };
		76DA630F24A8A48B00262274 /* Info.plist */ = {isa = PBXFileReference; lastKnownFileType = text.plist.xml; path = Info.plist; sourceTree = "<group>"; };
		76DA631024A8A48B00262274 /* Take_A_Break.entitlements */ = {isa = PBXFileReference; lastKnownFileType = text.plist.entitlements; path = Take_A_Break.entitlements; sourceTree = "<group>"; };
		76DA631624A8A85B00262274 /* BreakMainView.swift */ = {isa = PBXFileReference; lastKnownFileType = sourcecode.swift; path = BreakMainView.swift; sourceTree = "<group>"; };
		76DA631924A8E38400262274 /* TakeABreakDataStore.swift */ = {isa = PBXFileReference; lastKnownFileType = sourcecode.swift; path = TakeABreakDataStore.swift; sourceTree = "<group>"; };
		76DC614924C8838300B84476 /* SoundPlayer.swift */ = {isa = PBXFileReference; lastKnownFileType = sourcecode.swift; path = SoundPlayer.swift; sourceTree = "<group>"; };
		76DC614C24C8841100B84476 /* Horn.mp3 */ = {isa = PBXFileReference; lastKnownFileType = audio.mp3; path = Horn.mp3; sourceTree = "<group>"; };
/* End PBXFileReference section */

/* Begin PBXFrameworksBuildPhase section */
		76DA62FD24A8A48A00262274 /* Frameworks */ = {
			isa = PBXFrameworksBuildPhase;
			buildActionMask = 2147483647;
			files = (
			);
			runOnlyForDeploymentPostprocessing = 0;
		};
/* End PBXFrameworksBuildPhase section */

/* Begin PBXGroup section */
		76BFFAC224E3EFE0008077F4 /* AudioPlayer */ = {
			isa = PBXGroup;
			children = (
				76DC614924C8838300B84476 /* SoundPlayer.swift */,
			);
			path = AudioPlayer;
			sourceTree = "<group>";
		};
		76BFFAC324E3EFF3008077F4 /* Views */ = {
			isa = PBXGroup;
			children = (
				76BFFAC024E2C50F008077F4 /* ButtonStyles.swift */,
				76DA631624A8A85B00262274 /* BreakMainView.swift */,
				76DA630524A8A48A00262274 /* ContentView.swift */,
			);
			path = Views;
			sourceTree = "<group>";
		};
		76DA62F724A8A48A00262274 = {
			isa = PBXGroup;
			children = (
				76DA630224A8A48A00262274 /* Take-A-Break */,
				76DA630124A8A48A00262274 /* Products */,
			);
			sourceTree = "<group>";
		};
		76DA630124A8A48A00262274 /* Products */ = {
			isa = PBXGroup;
			children = (
				76DA630024A8A48A00262274 /* Take-A-Break.app */,
			);
			name = Products;
			sourceTree = "<group>";
		};
		76DA630224A8A48A00262274 /* Take-A-Break */ = {
			isa = PBXGroup;
			children = (
				76BFFAC324E3EFF3008077F4 /* Views */,
				76BFFAC224E3EFE0008077F4 /* AudioPlayer */,
				76DC614B24C883CC00B84476 /* Resources */,
				76DA631824A8E36700262274 /* DataStore */,
				76DA630324A8A48A00262274 /* AppDelegate.swift */,
				76DA630724A8A48B00262274 /* Assets.xcassets */,
				76DA630C24A8A48B00262274 /* Main.storyboard */,
				76DA630F24A8A48B00262274 /* Info.plist */,
				76DA631024A8A48B00262274 /* Take_A_Break.entitlements */,
				76DA630924A8A48B00262274 /* Preview Content */,
			);
			path = "Take-A-Break";
			sourceTree = "<group>";
		};
		76DA630924A8A48B00262274 /* Preview Content */ = {
			isa = PBXGroup;
			children = (
				76DA630A24A8A48B00262274 /* Preview Assets.xcassets */,
			);
			path = "Preview Content";
			sourceTree = "<group>";
		};
		76DA631824A8E36700262274 /* DataStore */ = {
			isa = PBXGroup;
			children = (
				76DA631924A8E38400262274 /* TakeABreakDataStore.swift */,
			);
			path = DataStore;
			sourceTree = "<group>";
		};
		76DC614B24C883CC00B84476 /* Resources */ = {
			isa = PBXGroup;
			children = (
				76DC614C24C8841100B84476 /* Horn.mp3 */,
			);
			path = Resources;
			sourceTree = "<group>";
		};
/* End PBXGroup section */

/* Begin PBXNativeTarget section */
		76DA62FF24A8A48A00262274 /* Take-A-Break */ = {
			isa = PBXNativeTarget;
			buildConfigurationList = 76DA631324A8A48B00262274 /* Build configuration list for PBXNativeTarget "Take-A-Break" */;
			buildPhases = (
				76DA62FC24A8A48A00262274 /* Sources */,
				76DA62FD24A8A48A00262274 /* Frameworks */,
				76DA62FE24A8A48A00262274 /* Resources */,
			);
			buildRules = (
			);
			dependencies = (
			);
			name = "Take-A-Break";
			productName = "Take-A-Break";
			productReference = 76DA630024A8A48A00262274 /* Take-A-Break.app */;
			productType = "com.apple.product-type.application";
		};
/* End PBXNativeTarget section */

/* Begin PBXProject section */
		76DA62F824A8A48A00262274 /* Project object */ = {
			isa = PBXProject;
			attributes = {
				LastSwiftUpdateCheck = 1150;
				LastUpgradeCheck = 1150;
				ORGANIZATIONNAME = "Anoop M";
				TargetAttributes = {
					76DA62FF24A8A48A00262274 = {
						CreatedOnToolsVersion = 11.5;
					};
				};
			};
			buildConfigurationList = 76DA62FB24A8A48A00262274 /* Build configuration list for PBXProject "Take-A-Break" */;
			compatibilityVersion = "Xcode 9.3";
			developmentRegion = en;
			hasScannedForEncodings = 0;
			knownRegions = (
				en,
				Base,
			);
			mainGroup = 76DA62F724A8A48A00262274;
			productRefGroup = 76DA630124A8A48A00262274 /* Products */;
			projectDirPath = "";
			projectRoot = "";
			targets = (
				76DA62FF24A8A48A00262274 /* Take-A-Break */,
			);
		};
/* End PBXProject section */

/* Begin PBXResourcesBuildPhase section */
		76DA62FE24A8A48A00262274 /* Resources */ = {
			isa = PBXResourcesBuildPhase;
			buildActionMask = 2147483647;
			files = (
				76DA630E24A8A48B00262274 /* Main.storyboard in Resources */,
				76DC614D24C8841100B84476 /* Horn.mp3 in Resources */,
				76DA630B24A8A48B00262274 /* Preview Assets.xcassets in Resources */,
				76DA630824A8A48B00262274 /* Assets.xcassets in Resources */,
			);
			runOnlyForDeploymentPostprocessing = 0;
		};
/* End PBXResourcesBuildPhase section */

/* Begin PBXSourcesBuildPhase section */
		76DA62FC24A8A48A00262274 /* Sources */ = {
			isa = PBXSourcesBuildPhase;
			buildActionMask = 2147483647;
			files = (
				76DC614A24C8838300B84476 /* SoundPlayer.swift in Sources */,
				76BFFAC124E2C50F008077F4 /* ButtonStyles.swift in Sources */,
				76DA631724A8A85B00262274 /* BreakMainView.swift in Sources */,
				76DA630624A8A48A00262274 /* ContentView.swift in Sources */,
				76DA631A24A8E38400262274 /* TakeABreakDataStore.swift in Sources */,
				76DA630424A8A48A00262274 /* AppDelegate.swift in Sources */,
			);
			runOnlyForDeploymentPostprocessing = 0;
		};
/* End PBXSourcesBuildPhase section */

/* Begin PBXVariantGroup section */
		76DA630C24A8A48B00262274 /* Main.storyboard */ = {
			isa = PBXVariantGroup;
			children = (
				76DA630D24A8A48B00262274 /* Base */,
			);
			name = Main.storyboard;
			sourceTree = "<group>";
		};
/* End PBXVariantGroup section */

/* Begin XCBuildConfiguration section */
		76DA631124A8A48B00262274 /* Debug */ = {
			isa = XCBuildConfiguration;
			buildSettings = {
				ALWAYS_SEARCH_USER_PATHS = NO;
				CLANG_ANALYZER_NONNULL = YES;
				CLANG_ANALYZER_NUMBER_OBJECT_CONVERSION = YES_AGGRESSIVE;
				CLANG_CXX_LANGUAGE_STANDARD = "gnu++14";
				CLANG_CXX_LIBRARY = "libc++";
				CLANG_ENABLE_MODULES = YES;
				CLANG_ENABLE_OBJC_ARC = YES;
				CLANG_ENABLE_OBJC_WEAK = YES;
				CLANG_WARN_BLOCK_CAPTURE_AUTORELEASING = YES;
				CLANG_WARN_BOOL_CONVERSION = YES;
				CLANG_WARN_COMMA = YES;
				CLANG_WARN_CONSTANT_CONVERSION = YES;
				CLANG_WARN_DEPRECATED_OBJC_IMPLEMENTATIONS = YES;
				CLANG_WARN_DIRECT_OBJC_ISA_USAGE = YES_ERROR;
				CLANG_WARN_DOCUMENTATION_COMMENTS = YES;
				CLANG_WARN_EMPTY_BODY = YES;
				CLANG_WARN_ENUM_CONVERSION = YES;
				CLANG_WARN_INFINITE_RECURSION = YES;
				CLANG_WARN_INT_CONVERSION = YES;
				CLANG_WARN_NON_LITERAL_NULL_CONVERSION = YES;
				CLANG_WARN_OBJC_IMPLICIT_RETAIN_SELF = YES;
				CLANG_WARN_OBJC_LITERAL_CONVERSION = YES;
				CLANG_WARN_OBJC_ROOT_CLASS = YES_ERROR;
				CLANG_WARN_RANGE_LOOP_ANALYSIS = YES;
				CLANG_WARN_STRICT_PROTOTYPES = YES;
				CLANG_WARN_SUSPICIOUS_MOVE = YES;
				CLANG_WARN_UNGUARDED_AVAILABILITY = YES_AGGRESSIVE;
				CLANG_WARN_UNREACHABLE_CODE = YES;
				CLANG_WARN__DUPLICATE_METHOD_MATCH = YES;
				COPY_PHASE_STRIP = NO;
				DEBUG_INFORMATION_FORMAT = dwarf;
				ENABLE_STRICT_OBJC_MSGSEND = YES;
				ENABLE_TESTABILITY = YES;
				GCC_C_LANGUAGE_STANDARD = gnu11;
				GCC_DYNAMIC_NO_PIC = NO;
				GCC_NO_COMMON_BLOCKS = YES;
				GCC_OPTIMIZATION_LEVEL = 0;
				GCC_PREPROCESSOR_DEFINITIONS = (
					"DEBUG=1",
					"$(inherited)",
				);
				GCC_WARN_64_TO_32_BIT_CONVERSION = YES;
				GCC_WARN_ABOUT_RETURN_TYPE = YES_ERROR;
				GCC_WARN_UNDECLARED_SELECTOR = YES;
				GCC_WARN_UNINITIALIZED_AUTOS = YES_AGGRESSIVE;
				GCC_WARN_UNUSED_FUNCTION = YES;
				GCC_WARN_UNUSED_VARIABLE = YES;
				MACOSX_DEPLOYMENT_TARGET = 10.15;
				MTL_ENABLE_DEBUG_INFO = INCLUDE_SOURCE;
				MTL_FAST_MATH = YES;
				ONLY_ACTIVE_ARCH = YES;
				SDKROOT = macosx;
				SWIFT_ACTIVE_COMPILATION_CONDITIONS = DEBUG;
				SWIFT_OPTIMIZATION_LEVEL = "-Onone";
			};
			name = Debug;
		};
		76DA631224A8A48B00262274 /* Release */ = {
			isa = XCBuildConfiguration;
			buildSettings = {
				ALWAYS_SEARCH_USER_PATHS = NO;
				CLANG_ANALYZER_NONNULL = YES;
				CLANG_ANALYZER_NUMBER_OBJECT_CONVERSION = YES_AGGRESSIVE;
				CLANG_CXX_LANGUAGE_STANDARD = "gnu++14";
				CLANG_CXX_LIBRARY = "libc++";
				CLANG_ENABLE_MODULES = YES;
				CLANG_ENABLE_OBJC_ARC = YES;
				CLANG_ENABLE_OBJC_WEAK = YES;
				CLANG_WARN_BLOCK_CAPTURE_AUTORELEASING = YES;
				CLANG_WARN_BOOL_CONVERSION = YES;
				CLANG_WARN_COMMA = YES;
				CLANG_WARN_CONSTANT_CONVERSION = YES;
				CLANG_WARN_DEPRECATED_OBJC_IMPLEMENTATIONS = YES;
				CLANG_WARN_DIRECT_OBJC_ISA_USAGE = YES_ERROR;
				CLANG_WARN_DOCUMENTATION_COMMENTS = YES;
				CLANG_WARN_EMPTY_BODY = YES;
				CLANG_WARN_ENUM_CONVERSION = YES;
				CLANG_WARN_INFINITE_RECURSION = YES;
				CLANG_WARN_INT_CONVERSION = YES;
				CLANG_WARN_NON_LITERAL_NULL_CONVERSION = YES;
				CLANG_WARN_OBJC_IMPLICIT_RETAIN_SELF = YES;
				CLANG_WARN_OBJC_LITERAL_CONVERSION = YES;
				CLANG_WARN_OBJC_ROOT_CLASS = YES_ERROR;
				CLANG_WARN_RANGE_LOOP_ANALYSIS = YES;
				CLANG_WARN_STRICT_PROTOTYPES = YES;
				CLANG_WARN_SUSPICIOUS_MOVE = YES;
				CLANG_WARN_UNGUARDED_AVAILABILITY = YES_AGGRESSIVE;
				CLANG_WARN_UNREACHABLE_CODE = YES;
				CLANG_WARN__DUPLICATE_METHOD_MATCH = YES;
				COPY_PHASE_STRIP = NO;
				DEBUG_INFORMATION_FORMAT = "dwarf-with-dsym";
				ENABLE_NS_ASSERTIONS = NO;
				ENABLE_STRICT_OBJC_MSGSEND = YES;
				GCC_C_LANGUAGE_STANDARD = gnu11;
				GCC_NO_COMMON_BLOCKS = YES;
				GCC_WARN_64_TO_32_BIT_CONVERSION = YES;
				GCC_WARN_ABOUT_RETURN_TYPE = YES_ERROR;
				GCC_WARN_UNDECLARED_SELECTOR = YES;
				GCC_WARN_UNINITIALIZED_AUTOS = YES_AGGRESSIVE;
				GCC_WARN_UNUSED_FUNCTION = YES;
				GCC_WARN_UNUSED_VARIABLE = YES;
				MACOSX_DEPLOYMENT_TARGET = 10.15;
				MTL_ENABLE_DEBUG_INFO = NO;
				MTL_FAST_MATH = YES;
				SDKROOT = macosx;
				SWIFT_COMPILATION_MODE = wholemodule;
				SWIFT_OPTIMIZATION_LEVEL = "-O";
			};
			name = Release;
		};
		76DA631424A8A48B00262274 /* Debug */ = {
			isa = XCBuildConfiguration;
			buildSettings = {
				ASSETCATALOG_COMPILER_APPICON_NAME = AppIcon;
				CODE_SIGN_ENTITLEMENTS = "Take-A-Break/Take_A_Break.entitlements";
				CODE_SIGN_STYLE = Automatic;
				COMBINE_HIDPI_IMAGES = YES;
				DEVELOPMENT_ASSET_PATHS = "\"Take-A-Break/Preview Content\"";
				DEVELOPMENT_TEAM = 6UT7M6DT43;
				ENABLE_HARDENED_RUNTIME = YES;
				ENABLE_PREVIEWS = YES;
				INFOPLIST_FILE = "Take-A-Break/Info.plist";
				LD_RUNPATH_SEARCH_PATHS = (
					"$(inherited)",
					"@executable_path/../Frameworks",
				);
				MACOSX_DEPLOYMENT_TARGET = 10.15;
				PRODUCT_BUNDLE_IDENTIFIER = "com.anoop.Take-A-Break";
				PRODUCT_NAME = "$(TARGET_NAME)";
				SWIFT_VERSION = 5.0;
			};
			name = Debug;
		};
		76DA631524A8A48B00262274 /* Release */ = {
			isa = XCBuildConfiguration;
			buildSettings = {
				ASSETCATALOG_COMPILER_APPICON_NAME = AppIcon;
				CODE_SIGN_ENTITLEMENTS = "Take-A-Break/Take_A_Break.entitlements";
				CODE_SIGN_STYLE = Automatic;
				COMBINE_HIDPI_IMAGES = YES;
				DEVELOPMENT_ASSET_PATHS = "\"Take-A-Break/Preview Content\"";
				DEVELOPMENT_TEAM = 6UT7M6DT43;
				ENABLE_HARDENED_RUNTIME = YES;
				ENABLE_PREVIEWS = YES;
				INFOPLIST_FILE = "Take-A-Break/Info.plist";
				LD_RUNPATH_SEARCH_PATHS = (
					"$(inherited)",
					"@executable_path/../Frameworks",
				);
				MACOSX_DEPLOYMENT_TARGET = 10.15;
				PRODUCT_BUNDLE_IDENTIFIER = "com.anoop.Take-A-Break";
				PRODUCT_NAME = "$(TARGET_NAME)";
				SWIFT_VERSION = 5.0;
			};
			name = Release;
		};
/* End XCBuildConfiguration section */

/* Begin XCConfigurationList section */
		76DA62FB24A8A48A00262274 /* Build configuration list for PBXProject "Take-A-Break" */ = {
			isa = XCConfigurationList;
			buildConfigurations = (
				76DA631124A8A48B00262274 /* Debug */,
				76DA631224A8A48B00262274 /* Release */,
			);
			defaultConfigurationIsVisible = 0;
			defaultConfigurationName = Release;
		};
		76DA631324A8A48B00262274 /* Build configuration list for PBXNativeTarget "Take-A-Break" */ = {
			isa = XCConfigurationList;
			buildConfigurations = (
				76DA631424A8A48B00262274 /* Debug */,
				76DA631524A8A48B00262274 /* Release */,
			);
			defaultConfigurationIsVisible = 0;
			defaultConfigurationName = Release;
		};
/* End XCConfigurationList section */
	};
	rootObject = 76DA62F824A8A48A00262274 /* Project object */;
}
